// !$*UTF8*$!
{
	archiveVersion = 1;
	classes = {
	};
	objectVersion = 46;
	objects = {

/* Begin PBXAggregateTarget section */
		"COpenMPI::COpenMPI::ProductTarget" /* COpenMPI */ = {
			isa = PBXAggregateTarget;
			buildConfigurationList = OBJ_15 /* Build configuration list for PBXAggregateTarget "COpenMPI" */;
			buildPhases = (
			);
			dependencies = (
			);
			name = COpenMPI;
			productName = COpenMPI;
		};
/* End PBXAggregateTarget section */

/* Begin PBXBuildFile section */
		0B6AFBBB22A066E700EBF737 /* Environment.swift in Sources */ = {isa = PBXBuildFile; fileRef = 0B6AFBBA22A066E700EBF737 /* Environment.swift */; };
		0B6AFBBE22A068CE00EBF737 /* libswiftCreateML.dylib in Frameworks */ = {isa = PBXBuildFile; fileRef = 0B6AFBBD22A068CE00EBF737 /* libswiftCreateML.dylib */; };
		0B6AFBC022A068D400EBF737 /* CoreML.framework in Frameworks */ = {isa = PBXBuildFile; fileRef = 0B6AFBBF22A068D400EBF737 /* CoreML.framework */; };
		0B6AFBC222A068D800EBF737 /* Vision.framework in Frameworks */ = {isa = PBXBuildFile; fileRef = 0B6AFBC122A068D800EBF737 /* Vision.framework */; };
		0B6AFBC422A068DE00EBF737 /* Foundation.framework in Frameworks */ = {isa = PBXBuildFile; fileRef = 0B6AFBC322A068DE00EBF737 /* Foundation.framework */; };
		0BD6898F22A1525300CDA2FE /* WorkAllocator.swift in Sources */ = {isa = PBXBuildFile; fileRef = 0BD6898E22A1525300CDA2FE /* WorkAllocator.swift */; };
		0BD6899122A1647300CDA2FE /* ImageClassifierBuilder.swift in Sources */ = {isa = PBXBuildFile; fileRef = 0BD6899022A1647300CDA2FE /* ImageClassifierBuilder.swift */; };
		0BD6899322A19A1600CDA2FE /* Application.swift in Sources */ = {isa = PBXBuildFile; fileRef = 0BD6899222A19A1600CDA2FE /* Application.swift */; };
		0BD6899522A289F900CDA2FE /* Array+Recaptium.swift in Sources */ = {isa = PBXBuildFile; fileRef = 0BD6899422A289F900CDA2FE /* Array+Recaptium.swift */; };
		OBJ_23 /* main.swift in Sources */ = {isa = PBXBuildFile; fileRef = OBJ_9 /* main.swift */; };
		OBJ_30 /* Package.swift in Sources */ = {isa = PBXBuildFile; fileRef = OBJ_6 /* Package.swift */; };
/* End PBXBuildFile section */

/* Begin PBXFileReference section */
		0B6AFBB922A05F0E00EBF737 /* Config.xcconfig */ = {isa = PBXFileReference; lastKnownFileType = text.xcconfig; path = Config.xcconfig; sourceTree = "<group>"; };
		0B6AFBBA22A066E700EBF737 /* Environment.swift */ = {isa = PBXFileReference; lastKnownFileType = sourcecode.swift; path = Environment.swift; sourceTree = "<group>"; };
		0B6AFBBD22A068CE00EBF737 /* libswiftCreateML.dylib */ = {isa = PBXFileReference; lastKnownFileType = "compiled.mach-o.dylib"; name = libswiftCreateML.dylib; path = Toolchains/XcodeDefault.xctoolchain/usr/lib/swift/macosx/libswiftCreateML.dylib; sourceTree = DEVELOPER_DIR; };
		0B6AFBBF22A068D400EBF737 /* CoreML.framework */ = {isa = PBXFileReference; lastKnownFileType = wrapper.framework; name = CoreML.framework; path = System/Library/Frameworks/CoreML.framework; sourceTree = SDKROOT; };
		0B6AFBC122A068D800EBF737 /* Vision.framework */ = {isa = PBXFileReference; lastKnownFileType = wrapper.framework; name = Vision.framework; path = System/Library/Frameworks/Vision.framework; sourceTree = SDKROOT; };
		0B6AFBC322A068DE00EBF737 /* Foundation.framework */ = {isa = PBXFileReference; lastKnownFileType = wrapper.framework; name = Foundation.framework; path = System/Library/Frameworks/Foundation.framework; sourceTree = SDKROOT; };
		0BD6898E22A1525300CDA2FE /* WorkAllocator.swift */ = {isa = PBXFileReference; lastKnownFileType = sourcecode.swift; path = WorkAllocator.swift; sourceTree = "<group>"; };
		0BD6899022A1647300CDA2FE /* ImageClassifierBuilder.swift */ = {isa = PBXFileReference; lastKnownFileType = sourcecode.swift; path = ImageClassifierBuilder.swift; sourceTree = "<group>"; };
		0BD6899222A19A1600CDA2FE /* Application.swift */ = {isa = PBXFileReference; lastKnownFileType = sourcecode.swift; path = Application.swift; sourceTree = "<group>"; };
		0BD6899422A289F900CDA2FE /* Array+Recaptium.swift */ = {isa = PBXFileReference; lastKnownFileType = sourcecode.swift; path = "Array+Recaptium.swift"; sourceTree = "<group>"; };
		OBJ_6 /* Package.swift */ = {isa = PBXFileReference; explicitFileType = sourcecode.swift; path = Package.swift; sourceTree = "<group>"; };
		OBJ_9 /* main.swift */ = {isa = PBXFileReference; lastKnownFileType = sourcecode.swift; path = main.swift; sourceTree = "<group>"; };
		"Recaptium::Recaptium::Product" /* Recaptium */ = {isa = PBXFileReference; explicitFileType = "compiled.mach-o.executable"; path = Recaptium; sourceTree = BUILT_PRODUCTS_DIR; };
/* End PBXFileReference section */

/* Begin PBXFrameworksBuildPhase section */
		OBJ_24 /* Frameworks */ = {
			isa = PBXFrameworksBuildPhase;
			buildActionMask = 0;
			files = (
				0B6AFBC422A068DE00EBF737 /* Foundation.framework in Frameworks */,
				0B6AFBC222A068D800EBF737 /* Vision.framework in Frameworks */,
				0B6AFBC022A068D400EBF737 /* CoreML.framework in Frameworks */,
				0B6AFBBE22A068CE00EBF737 /* libswiftCreateML.dylib in Frameworks */,
			);
			runOnlyForDeploymentPostprocessing = 0;
		};
/* End PBXFrameworksBuildPhase section */

/* Begin PBXGroup section */
		0B6AFBBC22A068CE00EBF737 /* Frameworks */ = {
			isa = PBXGroup;
			children = (
				0B6AFBC322A068DE00EBF737 /* Foundation.framework */,
				0B6AFBC122A068D800EBF737 /* Vision.framework */,
				0B6AFBBF22A068D400EBF737 /* CoreML.framework */,
				0B6AFBBD22A068CE00EBF737 /* libswiftCreateML.dylib */,
			);
			name = Frameworks;
			sourceTree = "<group>";
		};
		OBJ_10 /* Tests */ = {
			isa = PBXGroup;
			children = (
			);
			name = Tests;
			sourceTree = SOURCE_ROOT;
		};
		OBJ_11 /* Dependencies */ = {
			isa = PBXGroup;
			children = (
			);
			name = Dependencies;
			sourceTree = "<group>";
		};
		OBJ_12 /* Products */ = {
			isa = PBXGroup;
			children = (
				"Recaptium::Recaptium::Product" /* Recaptium */,
			);
			name = Products;
			sourceTree = BUILT_PRODUCTS_DIR;
		};
		OBJ_5 = {
			isa = PBXGroup;
			children = (
				0B6AFBB922A05F0E00EBF737 /* Config.xcconfig */,
				OBJ_6 /* Package.swift */,
				OBJ_7 /* Sources */,
				OBJ_10 /* Tests */,
				OBJ_11 /* Dependencies */,
				OBJ_12 /* Products */,
				0B6AFBBC22A068CE00EBF737 /* Frameworks */,
			);
			sourceTree = "<group>";
		};
		OBJ_7 /* Sources */ = {
			isa = PBXGroup;
			children = (
				OBJ_8 /* Recaptium */,
			);
			name = Sources;
			sourceTree = SOURCE_ROOT;
		};
		OBJ_8 /* Recaptium */ = {
			isa = PBXGroup;
			children = (
				OBJ_9 /* main.swift */,
				0B6AFBBA22A066E700EBF737 /* Environment.swift */,
				0BD6898E22A1525300CDA2FE /* WorkAllocator.swift */,
				0BD6899022A1647300CDA2FE /* ImageClassifierBuilder.swift */,
				0BD6899222A19A1600CDA2FE /* Application.swift */,
				0BD6899422A289F900CDA2FE /* Array+Recaptium.swift */,
			);
			name = Recaptium;
			path = Sources/Recaptium;
			sourceTree = SOURCE_ROOT;
		};
/* End PBXGroup section */

/* Begin PBXNativeTarget section */
		"Recaptium::Recaptium" /* Recaptium */ = {
			isa = PBXNativeTarget;
			buildConfigurationList = OBJ_19 /* Build configuration list for PBXNativeTarget "Recaptium" */;
			buildPhases = (
				OBJ_22 /* Sources */,
				OBJ_24 /* Frameworks */,
				0B6AFBB722A05B5300EBF737 /* Deploy Script */,
			);
			buildRules = (
			);
			dependencies = (
			);
			name = Recaptium;
			productName = Recaptium;
			productReference = "Recaptium::Recaptium::Product" /* Recaptium */;
			productType = "com.apple.product-type.tool";
		};
		"Recaptium::SwiftPMPackageDescription" /* RecaptiumPackageDescription */ = {
			isa = PBXNativeTarget;
			buildConfigurationList = OBJ_26 /* Build configuration list for PBXNativeTarget "RecaptiumPackageDescription" */;
			buildPhases = (
				OBJ_29 /* Sources */,
			);
			buildRules = (
			);
			dependencies = (
			);
			name = RecaptiumPackageDescription;
			productName = RecaptiumPackageDescription;
			productType = "com.apple.product-type.framework";
		};
/* End PBXNativeTarget section */

/* Begin PBXProject section */
		OBJ_1 /* Project object */ = {
			isa = PBXProject;
			attributes = {
				LastSwiftMigration = 9999;
				LastUpgradeCheck = 9999;
			};
			buildConfigurationList = OBJ_2 /* Build configuration list for PBXProject "Recaptium" */;
			compatibilityVersion = "Xcode 3.2";
			developmentRegion = English;
			hasScannedForEncodings = 0;
			knownRegions = (
				English,
				en,
			);
			mainGroup = OBJ_5;
			productRefGroup = OBJ_12 /* Products */;
			projectDirPath = "";
			projectRoot = "";
			targets = (
				"COpenMPI::COpenMPI::ProductTarget" /* COpenMPI */,
				"Recaptium::Recaptium" /* Recaptium */,
				"Recaptium::SwiftPMPackageDescription" /* RecaptiumPackageDescription */,
			);
		};
/* End PBXProject section */

/* Begin PBXShellScriptBuildPhase section */
		0B6AFBB722A05B5300EBF737 /* Deploy Script */ = {
			isa = PBXShellScriptBuildPhase;
			buildActionMask = 2147483647;
			files = (
			);
			inputFileListPaths = (
			);
			inputPaths = (
			);
			name = "Deploy Script";
			outputFileListPaths = (
			);
			outputPaths = (
			);
			runOnlyForDeploymentPostprocessing = 0;
			shellPath = /bin/sh;
			shellScript = "#!/usr/local/bin/fish\nfish ./Scripts/deploy.fish\n";
		};
/* End PBXShellScriptBuildPhase section */

/* Begin PBXSourcesBuildPhase section */
		OBJ_22 /* Sources */ = {
			isa = PBXSourcesBuildPhase;
			buildActionMask = 0;
			files = (
				0BD6899322A19A1600CDA2FE /* Application.swift in Sources */,
				0BD6899122A1647300CDA2FE /* ImageClassifierBuilder.swift in Sources */,
				0BD6899522A289F900CDA2FE /* Array+Recaptium.swift in Sources */,
				OBJ_23 /* main.swift in Sources */,
				0BD6898F22A1525300CDA2FE /* WorkAllocator.swift in Sources */,
				0B6AFBBB22A066E700EBF737 /* Environment.swift in Sources */,
			);
			runOnlyForDeploymentPostprocessing = 0;
		};
		OBJ_29 /* Sources */ = {
			isa = PBXSourcesBuildPhase;
			buildActionMask = 0;
			files = (
				OBJ_30 /* Package.swift in Sources */,
			);
			runOnlyForDeploymentPostprocessing = 0;
		};
/* End PBXSourcesBuildPhase section */

/* Begin XCBuildConfiguration section */
		OBJ_16 /* Debug */ = {
			isa = XCBuildConfiguration;
			buildSettings = {
			};
			name = Debug;
		};
		OBJ_17 /* Release */ = {
			isa = XCBuildConfiguration;
			buildSettings = {
			};
			name = Release;
		};
		OBJ_20 /* Debug */ = {
			isa = XCBuildConfiguration;
			buildSettings = {
				FRAMEWORK_SEARCH_PATHS = (
					"$(inherited)",
					"$(PLATFORM_DIR)/Developer/Library/Frameworks",
				);
				HEADER_SEARCH_PATHS = (
					"$(inherited)",
					"$(SRCROOT)/.build/checkouts/COpenMPI/Sources/CMPI",
				);
				INFOPLIST_FILE = Recaptium.xcodeproj/Recaptium_Info.plist;
				IPHONEOS_DEPLOYMENT_TARGET = 8.0;
				LD_RUNPATH_SEARCH_PATHS = "$(inherited) $(TOOLCHAIN_DIR)/usr/lib/swift/macosx @executable_path";
				MACOSX_DEPLOYMENT_TARGET = 10.14;
				OTHER_CFLAGS = (
					"$(inherited)",
					"-I/usr/local/Cellar/open-mpi/4.0.1_1/include",
				);
				OTHER_LDFLAGS = (
					"$(inherited)",
					"-L/usr/local/Cellar/open-mpi/4.0.1_1/lib",
					"-L/usr/local/opt/libevent/lib",
					"-lmpi",
				);
				OTHER_SWIFT_FLAGS = "$(inherited) -I/usr/local/Cellar/open-mpi/4.0.1_1/include";
				SWIFT_ACTIVE_COMPILATION_CONDITIONS = "$(inherited)";
				SWIFT_FORCE_DYNAMIC_LINK_STDLIB = YES;
				SWIFT_FORCE_STATIC_LINK_STDLIB = NO;
				SWIFT_VERSION = 5.0;
				TARGET_NAME = Recaptium;
				TVOS_DEPLOYMENT_TARGET = 9.0;
				WATCHOS_DEPLOYMENT_TARGET = 2.0;
			};
			name = Debug;
		};
		OBJ_21 /* Release */ = {
			isa = XCBuildConfiguration;
			buildSettings = {
				FRAMEWORK_SEARCH_PATHS = (
					"$(inherited)",
					"$(PLATFORM_DIR)/Developer/Library/Frameworks",
				);
				HEADER_SEARCH_PATHS = (
					"$(inherited)",
					"$(SRCROOT)/.build/checkouts/COpenMPI/Sources/CMPI",
				);
				INFOPLIST_FILE = Recaptium.xcodeproj/Recaptium_Info.plist;
				IPHONEOS_DEPLOYMENT_TARGET = 8.0;
				LD_RUNPATH_SEARCH_PATHS = "$(inherited) $(TOOLCHAIN_DIR)/usr/lib/swift/macosx @executable_path";
				MACOSX_DEPLOYMENT_TARGET = 10.14;
				OTHER_CFLAGS = (
					"$(inherited)",
					"-I/usr/local/Cellar/open-mpi/4.0.1_1/include",
				);
				OTHER_LDFLAGS = (
					"$(inherited)",
					"-L/usr/local/Cellar/open-mpi/4.0.1_1/lib",
					"-L/usr/local/opt/libevent/lib",
					"-lmpi",
				);
				OTHER_SWIFT_FLAGS = "$(inherited) -I/usr/local/Cellar/open-mpi/4.0.1_1/include";
				SWIFT_ACTIVE_COMPILATION_CONDITIONS = "$(inherited)";
				SWIFT_FORCE_DYNAMIC_LINK_STDLIB = YES;
				SWIFT_FORCE_STATIC_LINK_STDLIB = NO;
				SWIFT_VERSION = 5.0;
				TARGET_NAME = Recaptium;
				TVOS_DEPLOYMENT_TARGET = 9.0;
				WATCHOS_DEPLOYMENT_TARGET = 2.0;
			};
			name = Release;
		};
		OBJ_27 /* Debug */ = {
			isa = XCBuildConfiguration;
			buildSettings = {
				LD = /usr/bin/true;
				OTHER_SWIFT_FLAGS = "-swift-version 5 -I $(TOOLCHAIN_DIR)/usr/lib/swift/pm/4_2 -target x86_64-apple-macosx10.10 -sdk /Applications/Xcode.app/Contents/Developer/Platforms/MacOSX.platform/Developer/SDKs/MacOSX10.14.sdk";
				SWIFT_VERSION = 5.0;
			};
			name = Debug;
		};
		OBJ_28 /* Release */ = {
			isa = XCBuildConfiguration;
			buildSettings = {
				LD = /usr/bin/true;
				OTHER_SWIFT_FLAGS = "-swift-version 5 -I $(TOOLCHAIN_DIR)/usr/lib/swift/pm/4_2 -target x86_64-apple-macosx10.10 -sdk /Applications/Xcode.app/Contents/Developer/Platforms/MacOSX.platform/Developer/SDKs/MacOSX10.14.sdk";
				SWIFT_VERSION = 5.0;
			};
			name = Release;
		};
		OBJ_3 /* Debug */ = {
			isa = XCBuildConfiguration;
			baseConfigurationReference = 0B6AFBB922A05F0E00EBF737 /* Config.xcconfig */;
			buildSettings = {
				CLANG_ENABLE_OBJC_ARC = YES;
				COMBINE_HIDPI_IMAGES = YES;
				COPY_PHASE_STRIP = NO;
				DEBUG_INFORMATION_FORMAT = dwarf;
				DYLIB_INSTALL_NAME_BASE = "@rpath";
				ENABLE_NS_ASSERTIONS = YES;
				GCC_OPTIMIZATION_LEVEL = 0;
				GCC_PREPROCESSOR_DEFINITIONS = (
					"$(inherited)",
					"SWIFT_PACKAGE=1",
					"DEBUG=1",
				);
				MACOSX_DEPLOYMENT_TARGET = 10.10;
				ONLY_ACTIVE_ARCH = YES;
				OTHER_SWIFT_FLAGS = "-DXcode";
				PRODUCT_NAME = "$(TARGET_NAME)";
				SDKROOT = macosx;
				SUPPORTED_PLATFORMS = "macosx iphoneos iphonesimulator appletvos appletvsimulator watchos watchsimulator";
				SWIFT_ACTIVE_COMPILATION_CONDITIONS = "$(inherited) SWIFT_PACKAGE DEBUG";
				SWIFT_OPTIMIZATION_LEVEL = "-Onone";
				USE_HEADERMAP = NO;
			};
			name = Debug;
		};
		OBJ_4 /* Release */ = {
			isa = XCBuildConfiguration;
			baseConfigurationReference = 0B6AFBB922A05F0E00EBF737 /* Config.xcconfig */;
			buildSettings = {
				CLANG_ENABLE_OBJC_ARC = YES;
				COMBINE_HIDPI_IMAGES = YES;
				COPY_PHASE_STRIP = YES;
				DEBUG_INFORMATION_FORMAT = "dwarf-with-dsym";
				DYLIB_INSTALL_NAME_BASE = "@rpath";
				GCC_OPTIMIZATION_LEVEL = s;
				GCC_PREPROCESSOR_DEFINITIONS = (
					"$(inherited)",
					"SWIFT_PACKAGE=1",
				);
				MACOSX_DEPLOYMENT_TARGET = 10.10;
				OTHER_SWIFT_FLAGS = "-DXcode";
				PRODUCT_NAME = "$(TARGET_NAME)";
				SDKROOT = macosx;
				SUPPORTED_PLATFORMS = "macosx iphoneos iphonesimulator appletvos appletvsimulator watchos watchsimulator";
				SWIFT_ACTIVE_COMPILATION_CONDITIONS = "$(inherited) SWIFT_PACKAGE";
				SWIFT_OPTIMIZATION_LEVEL = "-Owholemodule";
				USE_HEADERMAP = NO;
			};
			name = Release;
		};
/* End XCBuildConfiguration section */

/* Begin XCConfigurationList section */
		OBJ_15 /* Build configuration list for PBXAggregateTarget "COpenMPI" */ = {
			isa = XCConfigurationList;
			buildConfigurations = (
				OBJ_16 /* Debug */,
				OBJ_17 /* Release */,
			);
			defaultConfigurationIsVisible = 0;
			defaultConfigurationName = Release;
		};
		OBJ_19 /* Build configuration list for PBXNativeTarget "Recaptium" */ = {
			isa = XCConfigurationList;
			buildConfigurations = (
				OBJ_20 /* Debug */,
				OBJ_21 /* Release */,
			);
			defaultConfigurationIsVisible = 0;
			defaultConfigurationName = Release;
		};
		OBJ_2 /* Build configuration list for PBXProject "Recaptium" */ = {
			isa = XCConfigurationList;
			buildConfigurations = (
				OBJ_3 /* Debug */,
				OBJ_4 /* Release */,
			);
			defaultConfigurationIsVisible = 0;
			defaultConfigurationName = Release;
		};
		OBJ_26 /* Build configuration list for PBXNativeTarget "RecaptiumPackageDescription" */ = {
			isa = XCConfigurationList;
			buildConfigurations = (
				OBJ_27 /* Debug */,
				OBJ_28 /* Release */,
			);
			defaultConfigurationIsVisible = 0;
			defaultConfigurationName = Release;
		};
/* End XCConfigurationList section */
	};
	rootObject = OBJ_1 /* Project object */;
}
