<?xml version="1.0" encoding="UTF-8"?>
<Scheme
   LastUpgradeVersion = "9999"
   version = "1.3">
   <BuildAction
      parallelizeBuildables = "YES"
      buildImplicitDependencies = "YES">
      <BuildActionEntries>
         <BuildActionEntry
            buildForTesting = "YES"
            buildForRunning = "YES"
            buildForProfiling = "YES"
            buildForArchiving = "YES"
            buildForAnalyzing = "YES">
            <BuildableReference
               BuildableIdentifier = "primary"
               BlueprintIdentifier = "Recaptium::Recaptium"
               BuildableName = "Recaptium"
               BlueprintName = "Recaptium"
               ReferencedContainer = "container:Recaptium.xcodeproj">
            </BuildableReference>
         </BuildActionEntry>
      </BuildActionEntries>
   </BuildAction>
   <TestAction
      buildConfiguration = "Debug"
      selectedDebuggerIdentifier = "Xcode.DebuggerFoundation.Debugger.LLDB"
      selectedLauncherIdentifier = "Xcode.DebuggerFoundation.Launcher.LLDB"
      shouldUseLaunchSchemeArgsEnv = "YES">
      <Testables>
      </Testables>
      <AdditionalOptions>
      </AdditionalOptions>
   </TestAction>
   <LaunchAction
      buildConfiguration = "Debug"
      selectedDebuggerIdentifier = "Xcode.DebuggerFoundation.Debugger.LLDB"
      selectedLauncherIdentifier = "Xcode.DebuggerFoundation.Launcher.LLDB"
      launchStyle = "0"
      useCustomWorkingDirectory = "NO"
      ignoresPersistentStateOnLaunch = "NO"
      debugDocumentVersioning = "YES"
      debugServiceExtension = "internal"
      allowLocationSimulation = "YES">
      <PathRunnable
         runnableDebuggingMode = "0"
         FilePath = "/usr/local/Cellar/open-mpi/4.0.1_1/bin/orterun">
      </PathRunnable>
      <MacroExpansion>
         <BuildableReference
            BuildableIdentifier = "primary"
            BlueprintIdentifier = "Recaptium::Recaptium"
            BuildableName = "Recaptium"
            BlueprintName = "Recaptium"
            ReferencedContainer = "container:Recaptium.xcodeproj">
         </BuildableReference>
      </MacroExpansion>
      <CommandLineArguments>
         <CommandLineArgument
            argument = "--verbose"
            isEnabled = "YES">
         </CommandLineArgument>
         <CommandLineArgument
            argument = "--mca orte_tmpdir_base /tmp"
            isEnabled = "YES">
         </CommandLineArgument>
         <CommandLineArgument
            argument = "--mca orte_base_help_aggregate 0"
            isEnabled = "YES">
         </CommandLineArgument>
         <CommandLineArgument
            argument = "--use-hwthread-cpus"
            isEnabled = "YES">
         </CommandLineArgument>
         <CommandLineArgument
            argument = "-c 5"
            isEnabled = "YES">
         </CommandLineArgument>
         <CommandLineArgument
            argument = "--host 10.0.0.1:1,10.0.0.29:1,10.0.0.124:1,10.0.0.75:1,10.0.0.116:1"
            isEnabled = "YES">
         </CommandLineArgument>
         <CommandLineArgument
            argument = "--path &quot;/Volumes/Shared Folders/Module-4/Task-M4T1D/.mpi&quot;"
            isEnabled = "YES">
         </CommandLineArgument>
         <CommandLineArgument
            argument = "$(MPI_EXECUTABLE_NAME)"
            isEnabled = "YES">
         </CommandLineArgument>
         <CommandLineArgument
            argument = "MyARG"
            isEnabled = "YES">
         </CommandLineArgument>
      </CommandLineArguments>
      <AdditionalOptions>
      </AdditionalOptions>
   </LaunchAction>
   <ProfileAction
      buildConfiguration = "Release"
      shouldUseLaunchSchemeArgsEnv = "YES"
      savedToolIdentifier = ""
      useCustomWorkingDirectory = "NO"
      debugDocumentVersioning = "YES">
   </ProfileAction>
   <AnalyzeAction
      buildConfiguration = "Debug">
   </AnalyzeAction>
   <ArchiveAction
      buildConfiguration = "Release"
      revealArchiveInOrganizer = "YES">
   </ArchiveAction>
</Scheme>
