{
  "object": {
    "pins": [
      {
        "package": "COpenMPI",
        "repositoryURL": "https://github.com/Brett-Best/COpenMPI.git",
        "state": {
          "branch": "feature/swift-5",
          "revision": "f8098b5bd09dce5f8f40633c305c6a7c63a786f0",
          "version": null
        }
      }
    ]
  },
  "version": 1
}
